// !$*UTF8*$!
{
	archiveVersion = 1;
	classes = {
	};
	objectVersion = 46;
	objects = {

/* Begin PBXBuildFile section */
		1A1506321DF0B8F8008BD83F /* AppDelegate.swift in Sources */ = {isa = PBXBuildFile; fileRef = 1A1506311DF0B8F8008BD83F /* AppDelegate.swift */; };
		1A1506341DF0B8F8008BD83F /* ViewController.swift in Sources */ = {isa = PBXBuildFile; fileRef = 1A1506331DF0B8F8008BD83F /* ViewController.swift */; };
		1A1506371DF0B8F8008BD83F /* Main.storyboard in Resources */ = {isa = PBXBuildFile; fileRef = 1A1506351DF0B8F8008BD83F /* Main.storyboard */; };
		1A1506391DF0B8F8008BD83F /* Assets.xcassets in Resources */ = {isa = PBXBuildFile; fileRef = 1A1506381DF0B8F8008BD83F /* Assets.xcassets */; };
		1A15063C1DF0B8F8008BD83F /* LaunchScreen.storyboard in Resources */ = {isa = PBXBuildFile; fileRef = 1A15063A1DF0B8F8008BD83F /* LaunchScreen.storyboard */; };
		3124B50C42F48A265954BEFC /* Pods_KatFish.framework in Frameworks */ = {isa = PBXBuildFile; fileRef = A0C921577E992D97E60BAE99 /* Pods_KatFish.framework */; };
		7D514D871DF0C5C500B18D3F /* UserDetailViewController.swift in Sources */ = {isa = PBXBuildFile; fileRef = 7D514D861DF0C5C500B18D3F /* UserDetailViewController.swift */; };
		7D514D891DF0C62400B18D3F /* UserCollectionViewCell.swift in Sources */ = {isa = PBXBuildFile; fileRef = 7D514D881DF0C62400B18D3F /* UserCollectionViewCell.swift */; };
/* End PBXBuildFile section */

/* Begin PBXFileReference section */
		1A15062E1DF0B8F8008BD83F /* KatFish.app */ = {isa = PBXFileReference; explicitFileType = wrapper.application; includeInIndex = 0; path = KatFish.app; sourceTree = BUILT_PRODUCTS_DIR; };
		1A1506311DF0B8F8008BD83F /* AppDelegate.swift */ = {isa = PBXFileReference; lastKnownFileType = sourcecode.swift; path = AppDelegate.swift; sourceTree = "<group>"; };
		1A1506331DF0B8F8008BD83F /* ViewController.swift */ = {isa = PBXFileReference; lastKnownFileType = sourcecode.swift; path = ViewController.swift; sourceTree = "<group>"; };
		1A1506361DF0B8F8008BD83F /* Base */ = {isa = PBXFileReference; lastKnownFileType = file.storyboard; name = Base; path = Base.lproj/Main.storyboard; sourceTree = "<group>"; };
		1A1506381DF0B8F8008BD83F /* Assets.xcassets */ = {isa = PBXFileReference; lastKnownFileType = folder.assetcatalog; path = Assets.xcassets; sourceTree = "<group>"; };
		1A15063B1DF0B8F8008BD83F /* Base */ = {isa = PBXFileReference; lastKnownFileType = file.storyboard; name = Base; path = Base.lproj/LaunchScreen.storyboard; sourceTree = "<group>"; };
		1A15063D1DF0B8F8008BD83F /* Info.plist */ = {isa = PBXFileReference; lastKnownFileType = text.plist.xml; path = Info.plist; sourceTree = "<group>"; };
		7D514D861DF0C5C500B18D3F /* UserDetailViewController.swift */ = {isa = PBXFileReference; fileEncoding = 4; lastKnownFileType = sourcecode.swift; path = UserDetailViewController.swift; sourceTree = "<group>"; };
		7D514D881DF0C62400B18D3F /* UserCollectionViewCell.swift */ = {isa = PBXFileReference; fileEncoding = 4; lastKnownFileType = sourcecode.swift; path = UserCollectionViewCell.swift; sourceTree = "<group>"; };
		A02B54C8075C5E3AEBA88DAF /* Pods-KatFish.release.xcconfig */ = {isa = PBXFileReference; includeInIndex = 1; lastKnownFileType = text.xcconfig; name = "Pods-KatFish.release.xcconfig"; path = "Pods/Target Support Files/Pods-KatFish/Pods-KatFish.release.xcconfig"; sourceTree = "<group>"; };
		A0C921577E992D97E60BAE99 /* Pods_KatFish.framework */ = {isa = PBXFileReference; explicitFileType = wrapper.framework; includeInIndex = 0; path = Pods_KatFish.framework; sourceTree = BUILT_PRODUCTS_DIR; };
		C990E5BE773B1226B7F0EA4D /* Pods-KatFish.debug.xcconfig */ = {isa = PBXFileReference; includeInIndex = 1; lastKnownFileType = text.xcconfig; name = "Pods-KatFish.debug.xcconfig"; path = "Pods/Target Support Files/Pods-KatFish/Pods-KatFish.debug.xcconfig"; sourceTree = "<group>"; };
/* End PBXFileReference section */

/* Begin PBXFrameworksBuildPhase section */
		1A15062B1DF0B8F8008BD83F /* Frameworks */ = {
			isa = PBXFrameworksBuildPhase;
			buildActionMask = 2147483647;
			files = (
				3124B50C42F48A265954BEFC /* Pods_KatFish.framework in Frameworks */,
			);
			runOnlyForDeploymentPostprocessing = 0;
		};
/* End PBXFrameworksBuildPhase section */

/* Begin PBXGroup section */
		1A1506251DF0B8F8008BD83F = {
			isa = PBXGroup;
			children = (
				1A1506301DF0B8F8008BD83F /* KatFish */,
				1A15062F1DF0B8F8008BD83F /* Products */,
				CB6ABB2DA9392C7F10800077 /* Pods */,
				4BA04BD490449CC988ADA53D /* Frameworks */,
			);
			sourceTree = "<group>";
		};
		1A15062F1DF0B8F8008BD83F /* Products */ = {
			isa = PBXGroup;
			children = (
				1A15062E1DF0B8F8008BD83F /* KatFish.app */,
			);
			name = Products;
			sourceTree = "<group>";
		};
		1A1506301DF0B8F8008BD83F /* KatFish */ = {
			isa = PBXGroup;
			children = (
				1A1506311DF0B8F8008BD83F /* AppDelegate.swift */,
				1A1506331DF0B8F8008BD83F /* ViewController.swift */,
				1A1506351DF0B8F8008BD83F /* Main.storyboard */,
				7D514D881DF0C62400B18D3F /* UserCollectionViewCell.swift */,
				7D514D861DF0C5C500B18D3F /* UserDetailViewController.swift */,
				1A1506381DF0B8F8008BD83F /* Assets.xcassets */,
				1A15063A1DF0B8F8008BD83F /* LaunchScreen.storyboard */,
				1A15063D1DF0B8F8008BD83F /* Info.plist */,
			);
			path = KatFish;
			sourceTree = "<group>";
		};
		4BA04BD490449CC988ADA53D /* Frameworks */ = {
			isa = PBXGroup;
			children = (
				A0C921577E992D97E60BAE99 /* Pods_KatFish.framework */,
			);
			name = Frameworks;
			sourceTree = "<group>";
		};
		CB6ABB2DA9392C7F10800077 /* Pods */ = {
			isa = PBXGroup;
			children = (
				C990E5BE773B1226B7F0EA4D /* Pods-KatFish.debug.xcconfig */,
				A02B54C8075C5E3AEBA88DAF /* Pods-KatFish.release.xcconfig */,
			);
			name = Pods;
			sourceTree = "<group>";
		};
/* End PBXGroup section */

/* Begin PBXNativeTarget section */
		1A15062D1DF0B8F8008BD83F /* KatFish */ = {
			isa = PBXNativeTarget;
			buildConfigurationList = 1A1506401DF0B8F8008BD83F /* Build configuration list for PBXNativeTarget "KatFish" */;
			buildPhases = (
				333D729EF01371C815FB281E /* [CP] Check Pods Manifest.lock */,
				1A15062A1DF0B8F8008BD83F /* Sources */,
				1A15062B1DF0B8F8008BD83F /* Frameworks */,
				1A15062C1DF0B8F8008BD83F /* Resources */,
				B939104DB63224E67F677F5B /* [CP] Embed Pods Frameworks */,
				901389DC63C055DF3E748330 /* [CP] Copy Pods Resources */,
			);
			buildRules = (
			);
			dependencies = (
			);
			name = KatFish;
			productName = KatFish;
			productReference = 1A15062E1DF0B8F8008BD83F /* KatFish.app */;
			productType = "com.apple.product-type.application";
		};
/* End PBXNativeTarget section */

/* Begin PBXProject section */
		1A1506261DF0B8F8008BD83F /* Project object */ = {
			isa = PBXProject;
			attributes = {
				LastSwiftUpdateCheck = 0810;
				LastUpgradeCheck = 0810;
				ORGANIZATIONNAME = "Jermaine Kelly";
				TargetAttributes = {
					1A15062D1DF0B8F8008BD83F = {
						CreatedOnToolsVersion = 8.1;
						ProvisioningStyle = Automatic;
					};
				};
			};
			buildConfigurationList = 1A1506291DF0B8F8008BD83F /* Build configuration list for PBXProject "KatFish" */;
			compatibilityVersion = "Xcode 3.2";
			developmentRegion = English;
			hasScannedForEncodings = 0;
			knownRegions = (
				en,
				Base,
			);
			mainGroup = 1A1506251DF0B8F8008BD83F;
			productRefGroup = 1A15062F1DF0B8F8008BD83F /* Products */;
			projectDirPath = "";
			projectRoot = "";
			targets = (
				1A15062D1DF0B8F8008BD83F /* KatFish */,
			);
		};
/* End PBXProject section */

/* Begin PBXResourcesBuildPhase section */
		1A15062C1DF0B8F8008BD83F /* Resources */ = {
			isa = PBXResourcesBuildPhase;
			buildActionMask = 2147483647;
			files = (
				1A15063C1DF0B8F8008BD83F /* LaunchScreen.storyboard in Resources */,
				1A1506391DF0B8F8008BD83F /* Assets.xcassets in Resources */,
				1A1506371DF0B8F8008BD83F /* Main.storyboard in Resources */,
			);
			runOnlyForDeploymentPostprocessing = 0;
		};
/* End PBXResourcesBuildPhase section */

/* Begin PBXShellScriptBuildPhase section */
		333D729EF01371C815FB281E /* [CP] Check Pods Manifest.lock */ = {
			isa = PBXShellScriptBuildPhase;
			buildActionMask = 2147483647;
			files = (
			);
			inputPaths = (
			);
			name = "[CP] Check Pods Manifest.lock";
			outputPaths = (
			);
			runOnlyForDeploymentPostprocessing = 0;
			shellPath = /bin/sh;
			shellScript = "diff \"${PODS_ROOT}/../Podfile.lock\" \"${PODS_ROOT}/Manifest.lock\" > /dev/null\nif [ $? != 0 ] ; then\n    # print error to STDERR\n    echo \"error: The sandbox is not in sync with the Podfile.lock. Run 'pod install' or update your CocoaPods installation.\" >&2\n    exit 1\nfi\n";
			showEnvVarsInLog = 0;
		};
		901389DC63C055DF3E748330 /* [CP] Copy Pods Resources */ = {
			isa = PBXShellScriptBuildPhase;
			buildActionMask = 2147483647;
			files = (
			);
			inputPaths = (
			);
			name = "[CP] Copy Pods Resources";
			outputPaths = (
			);
			runOnlyForDeploymentPostprocessing = 0;
			shellPath = /bin/sh;
			shellScript = "\"${SRCROOT}/Pods/Target Support Files/Pods-KatFish/Pods-KatFish-resources.sh\"\n";
			showEnvVarsInLog = 0;
		};
		B939104DB63224E67F677F5B /* [CP] Embed Pods Frameworks */ = {
			isa = PBXShellScriptBuildPhase;
			buildActionMask = 2147483647;
			files = (
			);
			inputPaths = (
			);
			name = "[CP] Embed Pods Frameworks";
			outputPaths = (
			);
			runOnlyForDeploymentPostprocessing = 0;
			shellPath = /bin/sh;
			shellScript = "\"${SRCROOT}/Pods/Target Support Files/Pods-KatFish/Pods-KatFish-frameworks.sh\"\n";
			showEnvVarsInLog = 0;
		};
/* End PBXShellScriptBuildPhase section */

/* Begin PBXSourcesBuildPhase section */
		1A15062A1DF0B8F8008BD83F /* Sources */ = {
			isa = PBXSourcesBuildPhase;
			buildActionMask = 2147483647;
			files = (
				1A1506341DF0B8F8008BD83F /* ViewController.swift in Sources */,
				7D514D891DF0C62400B18D3F /* UserCollectionViewCell.swift in Sources */,
				1A1506321DF0B8F8008BD83F /* AppDelegate.swift in Sources */,
				7D514D871DF0C5C500B18D3F /* UserDetailViewController.swift in Sources */,
			);
			runOnlyForDeploymentPostprocessing = 0;
		};
/* End PBXSourcesBuildPhase section */

/* Begin PBXVariantGroup section */
		1A1506351DF0B8F8008BD83F /* Main.storyboard */ = {
			isa = PBXVariantGroup;
			children = (
				1A1506361DF0B8F8008BD83F /* Base */,
			);
			name = Main.storyboard;
			sourceTree = "<group>";
		};
		1A15063A1DF0B8F8008BD83F /* LaunchScreen.storyboard */ = {
			isa = PBXVariantGroup;
			children = (
				1A15063B1DF0B8F8008BD83F /* Base */,
			);
			name = LaunchScreen.storyboard;
			sourceTree = "<group>";
		};
/* End PBXVariantGroup section */

/* Begin XCBuildConfiguration section */
		1A15063E1DF0B8F8008BD83F /* Debug */ = {
			isa = XCBuildConfiguration;
			buildSettings = {
				ALWAYS_SEARCH_USER_PATHS = NO;
				CLANG_ANALYZER_NONNULL = YES;
				CLANG_CXX_LANGUAGE_STANDARD = "gnu++0x";
				CLANG_CXX_LIBRARY = "libc++";
				CLANG_ENABLE_MODULES = YES;
				CLANG_ENABLE_OBJC_ARC = YES;
				CLANG_WARN_BOOL_CONVERSION = YES;
				CLANG_WARN_CONSTANT_CONVERSION = YES;
				CLANG_WARN_DIRECT_OBJC_ISA_USAGE = YES_ERROR;
				CLANG_WARN_DOCUMENTATION_COMMENTS = YES;
				CLANG_WARN_EMPTY_BODY = YES;
				CLANG_WARN_ENUM_CONVERSION = YES;
				CLANG_WARN_INFINITE_RECURSION = YES;
				CLANG_WARN_INT_CONVERSION = YES;
				CLANG_WARN_OBJC_ROOT_CLASS = YES_ERROR;
				CLANG_WARN_SUSPICIOUS_MOVES = YES;
				CLANG_WARN_UNREACHABLE_CODE = YES;
				CLANG_WARN__DUPLICATE_METHOD_MATCH = YES;
				"CODE_SIGN_IDENTITY[sdk=iphoneos*]" = "iPhone Developer";
				COPY_PHASE_STRIP = NO;
				DEBUG_INFORMATION_FORMAT = dwarf;
				ENABLE_STRICT_OBJC_MSGSEND = YES;
				ENABLE_TESTABILITY = YES;
				GCC_C_LANGUAGE_STANDARD = gnu99;
				GCC_DYNAMIC_NO_PIC = NO;
				GCC_NO_COMMON_BLOCKS = YES;
				GCC_OPTIMIZATION_LEVEL = 0;
				GCC_PREPROCESSOR_DEFINITIONS = (
					"DEBUG=1",
					"$(inherited)",
				);
				GCC_WARN_64_TO_32_BIT_CONVERSION = YES;
				GCC_WARN_ABOUT_RETURN_TYPE = YES_ERROR;
				GCC_WARN_UNDECLARED_SELECTOR = YES;
				GCC_WARN_UNINITIALIZED_AUTOS = YES_AGGRESSIVE;
				GCC_WARN_UNUSED_FUNCTION = YES;
				GCC_WARN_UNUSED_VARIABLE = YES;
				IPHONEOS_DEPLOYMENT_TARGET = 10.1;
				MTL_ENABLE_DEBUG_INFO = YES;
				ONLY_ACTIVE_ARCH = YES;
				SDKROOT = iphoneos;
				SWIFT_ACTIVE_COMPILATION_CONDITIONS = DEBUG;
				SWIFT_OPTIMIZATION_LEVEL = "-Onone";
				TARGETED_DEVICE_FAMILY = "1,2";
			};
			name = Debug;
		};
		1A15063F1DF0B8F8008BD83F /* Release */ = {
			isa = XCBuildConfiguration;
			buildSettings = {
				ALWAYS_SEARCH_USER_PATHS = NO;
				CLANG_ANALYZER_NONNULL = YES;
				CLANG_CXX_LANGUAGE_STANDARD = "gnu++0x";
				CLANG_CXX_LIBRARY = "libc++";
				CLANG_ENABLE_MODULES = YES;
				CLANG_ENABLE_OBJC_ARC = YES;
				CLANG_WARN_BOOL_CONVERSION = YES;
				CLANG_WARN_CONSTANT_CONVERSION = YES;
				CLANG_WARN_DIRECT_OBJC_ISA_USAGE = YES_ERROR;
				CLANG_WARN_DOCUMENTATION_COMMENTS = YES;
				CLANG_WARN_EMPTY_BODY = YES;
				CLANG_WARN_ENUM_CONVERSION = YES;
				CLANG_WARN_INFINITE_RECURSION = YES;
				CLANG_WARN_INT_CONVERSION = YES;
				CLANG_WARN_OBJC_ROOT_CLASS = YES_ERROR;
				CLANG_WARN_SUSPICIOUS_MOVES = YES;
				CLANG_WARN_UNREACHABLE_CODE = YES;
				CLANG_WARN__DUPLICATE_METHOD_MATCH = YES;
				"CODE_SIGN_IDENTITY[sdk=iphoneos*]" = "iPhone Developer";
				COPY_PHASE_STRIP = NO;
				DEBUG_INFORMATION_FORMAT = "dwarf-with-dsym";
				ENABLE_NS_ASSERTIONS = NO;
				ENABLE_STRICT_OBJC_MSGSEND = YES;
				GCC_C_LANGUAGE_STANDARD = gnu99;
				GCC_NO_COMMON_BLOCKS = YES;
				GCC_WARN_64_TO_32_BIT_CONVERSION = YES;
				GCC_WARN_ABOUT_RETURN_TYPE = YES_ERROR;
				GCC_WARN_UNDECLARED_SELECTOR = YES;
				GCC_WARN_UNINITIALIZED_AUTOS = YES_AGGRESSIVE;
				GCC_WARN_UNUSED_FUNCTION = YES;
				GCC_WARN_UNUSED_VARIABLE = YES;
				IPHONEOS_DEPLOYMENT_TARGET = 10.1;
				MTL_ENABLE_DEBUG_INFO = NO;
				SDKROOT = iphoneos;
				SWIFT_OPTIMIZATION_LEVEL = "-Owholemodule";
				TARGETED_DEVICE_FAMILY = "1,2";
				VALIDATE_PRODUCT = YES;
			};
			name = Release;
		};
		1A1506411DF0B8F8008BD83F /* Debug */ = {
			isa = XCBuildConfiguration;
			baseConfigurationReference = C990E5BE773B1226B7F0EA4D /* Pods-KatFish.debug.xcconfig */;
			buildSettings = {
				ASSETCATALOG_COMPILER_APPICON_NAME = AppIcon;
				INFOPLIST_FILE = KatFish/Info.plist;
				IPHONEOS_DEPLOYMENT_TARGET = 10.0;
				LD_RUNPATH_SEARCH_PATHS = "$(inherited) @executable_path/Frameworks";
				PRODUCT_BUNDLE_IDENTIFIER = nyc.c4q.jermainekelly.KatFish;
				PRODUCT_NAME = "$(TARGET_NAME)";
				SWIFT_VERSION = 3.0;
			};
			name = Debug;
		};
		1A1506421DF0B8F8008BD83F /* Release */ = {
			isa = XCBuildConfiguration;
			baseConfigurationReference = A02B54C8075C5E3AEBA88DAF /* Pods-KatFish.release.xcconfig */;
			buildSettings = {
				ASSETCATALOG_COMPILER_APPICON_NAME = AppIcon;
				INFOPLIST_FILE = KatFish/Info.plist;
				IPHONEOS_DEPLOYMENT_TARGET = 10.0;
				LD_RUNPATH_SEARCH_PATHS = "$(inherited) @executable_path/Frameworks";
				PRODUCT_BUNDLE_IDENTIFIER = nyc.c4q.jermainekelly.KatFish;
				PRODUCT_NAME = "$(TARGET_NAME)";
				SWIFT_VERSION = 3.0;
			};
			name = Release;
		};
/* End XCBuildConfiguration section */

/* Begin XCConfigurationList section */
		1A1506291DF0B8F8008BD83F /* Build configuration list for PBXProject "KatFish" */ = {
			isa = XCConfigurationList;
			buildConfigurations = (
				1A15063E1DF0B8F8008BD83F /* Debug */,
				1A15063F1DF0B8F8008BD83F /* Release */,
			);
			defaultConfigurationIsVisible = 0;
			defaultConfigurationName = Release;
		};
		1A1506401DF0B8F8008BD83F /* Build configuration list for PBXNativeTarget "KatFish" */ = {
			isa = XCConfigurationList;
			buildConfigurations = (
				1A1506411DF0B8F8008BD83F /* Debug */,
				1A1506421DF0B8F8008BD83F /* Release */,
			);
			defaultConfigurationIsVisible = 0;
			defaultConfigurationName = Release;
		};
/* End XCConfigurationList section */
	};
	rootObject = 1A1506261DF0B8F8008BD83F /* Project object */;
}
